
Microsoft Visual Studio Solution File, Format Version 12.00
# Visual Studio Version 17
VisualStudioVersion = 17.3.32825.248
MinimumVisualStudioVersion = 10.0.40219.1
Project("{FAE04EC0-301F-11D3-BF4B-00C04F79EFBC}") = "TermProject", "TermProject.csproj", "{7FD49D6A-588A-4EA6-A055-E36F07E04B7F}"
EndProject
Global
	GlobalSection(SolutionConfigurationPlatforms) = preSolution
		Debug|Any CPU = Debug|Any CPU
		Release|Any CPU = Release|Any CPU
	EndGlobalSection
	GlobalSection(ProjectConfigurationPlatforms) = postSolution
		{7FD49D6A-588A-4EA6-A055-E36F07E04B7F}.Debug|Any CPU.ActiveCfg = Debug|Any CPU
		{7FD49D6A-588A-4EA6-A055-E36F07E04B7F}.Debug|Any CPU.Build.0 = Debug|Any CPU
		{7FD49D6A-588A-4EA6-A055-E36F07E04B7F}.Release|Any CPU.ActiveCfg = Release|Any CPU
		{7FD49D6A-588A-4EA6-A055-E36F07E04B7F}.Release|Any CPU.Build.0 = Release|Any CPU
	EndGlobalSection
	GlobalSection(SolutionProperties) = preSolution
		HideSolutionNode = FALSE
	EndGlobalSection
	GlobalSection(ExtensibilityGlobals) = postSolution
		SolutionGuid = {173EADCC-8CB3-4A5E-ABB6-758576AFDAE1}
	EndGlobalSection
EndGlobal
